
Microsoft Visual Studio Solution File, Format Version 12.00
# Visual Studio Version 17
VisualStudioVersion = 17.14.36518.9 d17.14
MinimumVisualStudioVersion = 10.0.40219.1
Project("{8BC9CEB8-8B4A-11D0-8D11-00A0C91BC942}") = "latihan 2", "latihan 2\latihan 2.vcxproj", "{F7FF2F00-B29D-4FD1-8219-5BDF8700B1AD}"
EndProject
Global
	GlobalSection(SolutionConfigurationPlatforms) = preSolution
		Debug|x64 = Debug|x64
		Debug|x86 = Debug|x86
		Release|x64 = Release|x64
		Release|x86 = Release|x86
	EndGlobalSection
	GlobalSection(ProjectConfigurationPlatforms) = postSolution
		{F7FF2F00-B29D-4FD1-8219-5BDF8700B1AD}.Debug|x64.ActiveCfg = Debug|x64
		{F7FF2F00-B29D-4FD1-8219-5BDF8700B1AD}.Debug|x64.Build.0 = Debug|x64
		{F7FF2F00-B29D-4FD1-8219-5BDF8700B1AD}.Debug|x86.ActiveCfg = Debug|Win32
		{F7FF2F00-B29D-4FD1-8219-5BDF8700B1AD}.Debug|x86.Build.0 = Debug|Win32
		{F7FF2F00-B29D-4FD1-8219-5BDF8700B1AD}.Release|x64.ActiveCfg = Release|x64
		{F7FF2F00-B29D-4FD1-8219-5BDF8700B1AD}.Release|x64.Build.0 = Release|x64
		{F7FF2F00-B29D-4FD1-8219-5BDF8700B1AD}.Release|x86.ActiveCfg = Release|Win32
		{F7FF2F00-B29D-4FD1-8219-5BDF8700B1AD}.Release|x86.Build.0 = Release|Win32
	EndGlobalSection
	GlobalSection(SolutionProperties) = preSolution
		HideSolutionNode = FALSE
	EndGlobalSection
	GlobalSection(ExtensibilityGlobals) = postSolution
		SolutionGuid = {6528AFF3-0E1F-48C8-9DC4-511CE83E02B5}
	EndGlobalSection
EndGlobal
